
Microsoft Visual Studio Solution File, Format Version 12.00
# Visual Studio Version 16
VisualStudioVersion = 16.0.30114.105
MinimumVisualStudioVersion = 10.0.40219.1
Project("{FAE04EC0-301F-11D3-BF4B-00C04F79EFBC}") = "Snakes and Ladders WPF Game MOO ICT", "Snakes and Ladders WPF Game MOO ICT\Snakes and Ladders WPF Game MOO ICT.csproj", "{459A7BF6-4006-4172-9907-2AF656605BEF}"
EndProject
Global
	GlobalSection(SolutionConfigurationPlatforms) = preSolution
		Debug|Any CPU = Debug|Any CPU
		Release|Any CPU = Release|Any CPU
	EndGlobalSection
	GlobalSection(ProjectConfigurationPlatforms) = postSolution
		{459A7BF6-4006-4172-9907-2AF656605BEF}.Debug|Any CPU.ActiveCfg = Debug|Any CPU
		{459A7BF6-4006-4172-9907-2AF656605BEF}.Debug|Any CPU.Build.0 = Debug|Any CPU
		{459A7BF6-4006-4172-9907-2AF656605BEF}.Release|Any CPU.ActiveCfg = Release|Any CPU
		{459A7BF6-4006-4172-9907-2AF656605BEF}.Release|Any CPU.Build.0 = Release|Any CPU
	EndGlobalSection
	GlobalSection(SolutionProperties) = preSolution
		HideSolutionNode = FALSE
	EndGlobalSection
	GlobalSection(ExtensibilityGlobals) = postSolution
		SolutionGuid = {B5D67980-CBA9-4105-878B-03DE438AA37B}
	EndGlobalSection
EndGlobal
